
Microsoft Visual Studio Solution File, Format Version 12.00
# Visual Studio Version 16
VisualStudioVersion = 16.0.29709.97
MinimumVisualStudioVersion = 10.0.40219.1
Project("{FAE04EC0-301F-11D3-BF4B-00C04F79EFBC}") = "IndicatoriDeProfitabilitate", "IndicatoriDeProfitabilitate\IndicatoriDeProfitabilitate.csproj", "{764460F9-6858-4E70-B67B-34FAF8B41F03}"
EndProject
Project("{FAE04EC0-301F-11D3-BF4B-00C04F79EFBC}") = "IndicatoriDeProfitabilitate.Tests", "IndicatoriDeProfitabilitate.Tests\IndicatoriDeProfitabilitate.Tests.csproj", "{A3A17BB6-20DE-4EE0-B755-DE2CEF77E189}"
EndProject
Global
	GlobalSection(SolutionConfigurationPlatforms) = preSolution
		Debug|Any CPU = Debug|Any CPU
		Release|Any CPU = Release|Any CPU
	EndGlobalSection
	GlobalSection(ProjectConfigurationPlatforms) = postSolution
		{764460F9-6858-4E70-B67B-34FAF8B41F03}.Debug|Any CPU.ActiveCfg = Debug|Any CPU
		{764460F9-6858-4E70-B67B-34FAF8B41F03}.Debug|Any CPU.Build.0 = Debug|Any CPU
		{764460F9-6858-4E70-B67B-34FAF8B41F03}.Release|Any CPU.ActiveCfg = Release|Any CPU
		{764460F9-6858-4E70-B67B-34FAF8B41F03}.Release|Any CPU.Build.0 = Release|Any CPU
		{A3A17BB6-20DE-4EE0-B755-DE2CEF77E189}.Debug|Any CPU.ActiveCfg = Debug|Any CPU
		{A3A17BB6-20DE-4EE0-B755-DE2CEF77E189}.Debug|Any CPU.Build.0 = Debug|Any CPU
		{A3A17BB6-20DE-4EE0-B755-DE2CEF77E189}.Release|Any CPU.ActiveCfg = Release|Any CPU
		{A3A17BB6-20DE-4EE0-B755-DE2CEF77E189}.Release|Any CPU.Build.0 = Release|Any CPU
	EndGlobalSection
	GlobalSection(SolutionProperties) = preSolution
		HideSolutionNode = FALSE
	EndGlobalSection
	GlobalSection(ExtensibilityGlobals) = postSolution
		SolutionGuid = {F2853A89-22C6-4489-BB65-DD87FB5E0F7D}
	EndGlobalSection
EndGlobal
